// !$*UTF8*$!
{
	archiveVersion = 1;
	classes = {
	};
	objectVersion = 55;
	objects = {

/* Begin PBXBuildFile section */
		BF2CCDE326A7E99400DCF60B /* BookSearchHomeViewController.swift in Sources */ = {isa = PBXBuildFile; fileRef = BF2CCDE226A7E99400DCF60B /* BookSearchHomeViewController.swift */; };
		BF2CCDE826A7E9C200DCF60B /* BooksSearchViewModel.swift in Sources */ = {isa = PBXBuildFile; fileRef = BF2CCDE726A7E9C200DCF60B /* BooksSearchViewModel.swift */; };
		BF2CCDEC26A81DED00DCF60B /* BookSearchTestViewModel.swift in Sources */ = {isa = PBXBuildFile; fileRef = BF2CCDEB26A81DED00DCF60B /* BookSearchTestViewModel.swift */; };
		BF2CCDEF26A81E7800DCF60B /* BookSearchView.swift in Sources */ = {isa = PBXBuildFile; fileRef = BF2CCDEE26A81E7800DCF60B /* BookSearchView.swift */; };
		BFBE3A2226A3EC08001B348B /* UsernameViewModel.swift in Sources */ = {isa = PBXBuildFile; fileRef = BFBE3A2126A3EC08001B348B /* UsernameViewModel.swift */; };
		BFBE3A2426A3EC7B001B348B /* UIView+Create+Extensions.swift in Sources */ = {isa = PBXBuildFile; fileRef = BFBE3A2326A3EC7B001B348B /* UIView+Create+Extensions.swift */; };
		BFC4ACED26A30C5600796FF9 /* AppDelegate.swift in Sources */ = {isa = PBXBuildFile; fileRef = BFC4ACEC26A30C5600796FF9 /* AppDelegate.swift */; };
		BFC4ACEF26A30C5600796FF9 /* SceneDelegate.swift in Sources */ = {isa = PBXBuildFile; fileRef = BFC4ACEE26A30C5600796FF9 /* SceneDelegate.swift */; };
		BFC4ACF126A30C5600796FF9 /* HomeViewController.swift in Sources */ = {isa = PBXBuildFile; fileRef = BFC4ACF026A30C5600796FF9 /* HomeViewController.swift */; };
		BFC4ACF626A30C5700796FF9 /* Assets.xcassets in Resources */ = {isa = PBXBuildFile; fileRef = BFC4ACF526A30C5700796FF9 /* Assets.xcassets */; };
		BFC4ACF926A30C5700796FF9 /* LaunchScreen.storyboard in Resources */ = {isa = PBXBuildFile; fileRef = BFC4ACF726A30C5700796FF9 /* LaunchScreen.storyboard */; };
		BFC4AD0426A30C5700796FF9 /* MVVMTests.swift in Sources */ = {isa = PBXBuildFile; fileRef = BFC4AD0326A30C5700796FF9 /* MVVMTests.swift */; };
		BFC4AD0E26A30C5700796FF9 /* MVVMUITests.swift in Sources */ = {isa = PBXBuildFile; fileRef = BFC4AD0D26A30C5700796FF9 /* MVVMUITests.swift */; };
		BFC4AD1B26A315EE00796FF9 /* User.swift in Sources */ = {isa = PBXBuildFile; fileRef = BFC4AD1A26A315EE00796FF9 /* User.swift */; };
		BFC4AD1D26A316B500796FF9 /* UsernameView.swift in Sources */ = {isa = PBXBuildFile; fileRef = BFC4AD1C26A316B500796FF9 /* UsernameView.swift */; };
		BFC4AD1F26A3205900796FF9 /* Bindable.swift in Sources */ = {isa = PBXBuildFile; fileRef = BFC4AD1E26A3205900796FF9 /* Bindable.swift */; };
/* End PBXBuildFile section */

/* Begin PBXContainerItemProxy section */
		BFC4AD0026A30C5700796FF9 /* PBXContainerItemProxy */ = {
			isa = PBXContainerItemProxy;
			containerPortal = BFC4ACE126A30C5600796FF9 /* Project object */;
			proxyType = 1;
			remoteGlobalIDString = BFC4ACE826A30C5600796FF9;
			remoteInfo = MVVM;
		};
		BFC4AD0A26A30C5700796FF9 /* PBXContainerItemProxy */ = {
			isa = PBXContainerItemProxy;
			containerPortal = BFC4ACE126A30C5600796FF9 /* Project object */;
			proxyType = 1;
			remoteGlobalIDString = BFC4ACE826A30C5600796FF9;
			remoteInfo = MVVM;
		};
/* End PBXContainerItemProxy section */

/* Begin PBXFileReference section */
		BF2CCDE226A7E99400DCF60B /* BookSearchHomeViewController.swift */ = {isa = PBXFileReference; lastKnownFileType = sourcecode.swift; path = BookSearchHomeViewController.swift; sourceTree = "<group>"; };
		BF2CCDE726A7E9C200DCF60B /* BooksSearchViewModel.swift */ = {isa = PBXFileReference; lastKnownFileType = sourcecode.swift; path = BooksSearchViewModel.swift; sourceTree = "<group>"; };
		BF2CCDEB26A81DED00DCF60B /* BookSearchTestViewModel.swift */ = {isa = PBXFileReference; lastKnownFileType = sourcecode.swift; path = BookSearchTestViewModel.swift; sourceTree = "<group>"; };
		BF2CCDEE26A81E7800DCF60B /* BookSearchView.swift */ = {isa = PBXFileReference; lastKnownFileType = sourcecode.swift; path = BookSearchView.swift; sourceTree = "<group>"; };
		BFBE3A2126A3EC08001B348B /* UsernameViewModel.swift */ = {isa = PBXFileReference; lastKnownFileType = sourcecode.swift; path = UsernameViewModel.swift; sourceTree = "<group>"; };
		BFBE3A2326A3EC7B001B348B /* UIView+Create+Extensions.swift */ = {isa = PBXFileReference; lastKnownFileType = sourcecode.swift; path = "UIView+Create+Extensions.swift"; sourceTree = "<group>"; };
		BFC4ACE926A30C5600796FF9 /* MVVM.app */ = {isa = PBXFileReference; explicitFileType = wrapper.application; includeInIndex = 0; path = MVVM.app; sourceTree = BUILT_PRODUCTS_DIR; };
		BFC4ACEC26A30C5600796FF9 /* AppDelegate.swift */ = {isa = PBXFileReference; lastKnownFileType = sourcecode.swift; path = AppDelegate.swift; sourceTree = "<group>"; };
		BFC4ACEE26A30C5600796FF9 /* SceneDelegate.swift */ = {isa = PBXFileReference; lastKnownFileType = sourcecode.swift; path = SceneDelegate.swift; sourceTree = "<group>"; };
		BFC4ACF026A30C5600796FF9 /* HomeViewController.swift */ = {isa = PBXFileReference; lastKnownFileType = sourcecode.swift; path = HomeViewController.swift; sourceTree = "<group>"; };
		BFC4ACF526A30C5700796FF9 /* Assets.xcassets */ = {isa = PBXFileReference; lastKnownFileType = folder.assetcatalog; path = Assets.xcassets; sourceTree = "<group>"; };
		BFC4ACF826A30C5700796FF9 /* Base */ = {isa = PBXFileReference; lastKnownFileType = file.storyboard; name = Base; path = Base.lproj/LaunchScreen.storyboard; sourceTree = "<group>"; };
		BFC4ACFA26A30C5700796FF9 /* Info.plist */ = {isa = PBXFileReference; lastKnownFileType = text.plist.xml; path = Info.plist; sourceTree = "<group>"; };
		BFC4ACFF26A30C5700796FF9 /* MVVMTests.xctest */ = {isa = PBXFileReference; explicitFileType = wrapper.cfbundle; includeInIndex = 0; path = MVVMTests.xctest; sourceTree = BUILT_PRODUCTS_DIR; };
		BFC4AD0326A30C5700796FF9 /* MVVMTests.swift */ = {isa = PBXFileReference; lastKnownFileType = sourcecode.swift; path = MVVMTests.swift; sourceTree = "<group>"; };
		BFC4AD0926A30C5700796FF9 /* MVVMUITests.xctest */ = {isa = PBXFileReference; explicitFileType = wrapper.cfbundle; includeInIndex = 0; path = MVVMUITests.xctest; sourceTree = BUILT_PRODUCTS_DIR; };
		BFC4AD0D26A30C5700796FF9 /* MVVMUITests.swift */ = {isa = PBXFileReference; lastKnownFileType = sourcecode.swift; path = MVVMUITests.swift; sourceTree = "<group>"; };
		BFC4AD1A26A315EE00796FF9 /* User.swift */ = {isa = PBXFileReference; lastKnownFileType = sourcecode.swift; path = User.swift; sourceTree = "<group>"; };
		BFC4AD1C26A316B500796FF9 /* UsernameView.swift */ = {isa = PBXFileReference; lastKnownFileType = sourcecode.swift; path = UsernameView.swift; sourceTree = "<group>"; };
		BFC4AD1E26A3205900796FF9 /* Bindable.swift */ = {isa = PBXFileReference; lastKnownFileType = sourcecode.swift; path = Bindable.swift; sourceTree = "<group>"; };
/* End PBXFileReference section */

/* Begin PBXFrameworksBuildPhase section */
		BFC4ACE626A30C5600796FF9 /* Frameworks */ = {
			isa = PBXFrameworksBuildPhase;
			buildActionMask = 2147483647;
			files = (
			);
			runOnlyForDeploymentPostprocessing = 0;
		};
		BFC4ACFC26A30C5700796FF9 /* Frameworks */ = {
			isa = PBXFrameworksBuildPhase;
			buildActionMask = 2147483647;
			files = (
			);
			runOnlyForDeploymentPostprocessing = 0;
		};
		BFC4AD0626A30C5700796FF9 /* Frameworks */ = {
			isa = PBXFrameworksBuildPhase;
			buildActionMask = 2147483647;
			files = (
			);
			runOnlyForDeploymentPostprocessing = 0;
		};
/* End PBXFrameworksBuildPhase section */

/* Begin PBXGroup section */
		BF2CCDDB26A7E5B000DCF60B /* MVVM with Manual Bindings */ = {
			isa = PBXGroup;
			children = (
				BF2CCDDD26A7E5D900DCF60B /* ViewController */,
				BF2CCDDE26A7E5E100DCF60B /* View */,
				BF2CCDDF26A7E5EB00DCF60B /* View Model */,
				BF2CCDE026A7E5F400DCF60B /* Model */,
				BFC4AD1E26A3205900796FF9 /* Bindable.swift */,
			);
			path = "MVVM with Manual Bindings";
			sourceTree = "<group>";
		};
		BF2CCDDC26A7E5CC00DCF60B /* UIView Create Extensions */ = {
			isa = PBXGroup;
			children = (
				BFBE3A2326A3EC7B001B348B /* UIView+Create+Extensions.swift */,
			);
			path = "UIView Create Extensions";
			sourceTree = "<group>";
		};
		BF2CCDDD26A7E5D900DCF60B /* ViewController */ = {
			isa = PBXGroup;
			children = (
				BFC4ACF026A30C5600796FF9 /* HomeViewController.swift */,
			);
			path = ViewController;
			sourceTree = "<group>";
		};
		BF2CCDDE26A7E5E100DCF60B /* View */ = {
			isa = PBXGroup;
			children = (
				BFC4AD1C26A316B500796FF9 /* UsernameView.swift */,
			);
			path = View;
			sourceTree = "<group>";
		};
		BF2CCDDF26A7E5EB00DCF60B /* View Model */ = {
			isa = PBXGroup;
			children = (
				BFBE3A2126A3EC08001B348B /* UsernameViewModel.swift */,
			);
			path = "View Model";
			sourceTree = "<group>";
		};
		BF2CCDE026A7E5F400DCF60B /* Model */ = {
			isa = PBXGroup;
			children = (
				BFC4AD1A26A315EE00796FF9 /* User.swift */,
			);
			path = Model;
			sourceTree = "<group>";
		};
		BF2CCDE126A7E96400DCF60B /* Books Lookup App */ = {
			isa = PBXGroup;
			children = (
				BF2CCDF126A8396300DCF60B /* Data Access Layer */,
				BF2CCDE526A7E9A700DCF60B /* Presentation Layer */,
			);
			path = "Books Lookup App";
			sourceTree = "<group>";
		};
		BF2CCDE426A7E99800DCF60B /* View Controller */ = {
			isa = PBXGroup;
			children = (
				BF2CCDE226A7E99400DCF60B /* BookSearchHomeViewController.swift */,
			);
			path = "View Controller";
			sourceTree = "<group>";
		};
		BF2CCDE526A7E9A700DCF60B /* Presentation Layer */ = {
			isa = PBXGroup;
			children = (
				BF2CCDE626A7E9B200DCF60B /* View Model */,
				BF2CCDE426A7E99800DCF60B /* View Controller */,
				BF2CCDF026A81E7C00DCF60B /* View */,
			);
			path = "Presentation Layer";
			sourceTree = "<group>";
		};
		BF2CCDE626A7E9B200DCF60B /* View Model */ = {
			isa = PBXGroup;
			children = (
				BF2CCDE726A7E9C200DCF60B /* BooksSearchViewModel.swift */,
			);
			path = "View Model";
			sourceTree = "<group>";
		};
		BF2CCDF026A81E7C00DCF60B /* View */ = {
			isa = PBXGroup;
			children = (
				BF2CCDEE26A81E7800DCF60B /* BookSearchView.swift */,
			);
			path = View;
			sourceTree = "<group>";
		};
		BF2CCDF126A8396300DCF60B /* Data Access Layer */ = {
			isa = PBXGroup;
			children = (
			);
			path = "Data Access Layer";
			sourceTree = "<group>";
		};
		BFC4ACE026A30C5600796FF9 = {
			isa = PBXGroup;
			children = (
				BFC4ACEB26A30C5600796FF9 /* MVVM */,
				BFC4AD0226A30C5700796FF9 /* MVVMTests */,
				BFC4AD0C26A30C5700796FF9 /* MVVMUITests */,
				BFC4ACEA26A30C5600796FF9 /* Products */,
			);
			sourceTree = "<group>";
		};
		BFC4ACEA26A30C5600796FF9 /* Products */ = {
			isa = PBXGroup;
			children = (
				BFC4ACE926A30C5600796FF9 /* MVVM.app */,
				BFC4ACFF26A30C5700796FF9 /* MVVMTests.xctest */,
				BFC4AD0926A30C5700796FF9 /* MVVMUITests.xctest */,
			);
			name = Products;
			sourceTree = "<group>";
		};
		BFC4ACEB26A30C5600796FF9 /* MVVM */ = {
			isa = PBXGroup;
			children = (
				BFC4ACEC26A30C5600796FF9 /* AppDelegate.swift */,
				BFC4ACEE26A30C5600796FF9 /* SceneDelegate.swift */,
				BF2CCDE126A7E96400DCF60B /* Books Lookup App */,
				BF2CCDDC26A7E5CC00DCF60B /* UIView Create Extensions */,
				BF2CCDDB26A7E5B000DCF60B /* MVVM with Manual Bindings */,
				BFC4ACF526A30C5700796FF9 /* Assets.xcassets */,
				BFC4ACF726A30C5700796FF9 /* LaunchScreen.storyboard */,
				BFC4ACFA26A30C5700796FF9 /* Info.plist */,
			);
			path = MVVM;
			sourceTree = "<group>";
		};
		BFC4AD0226A30C5700796FF9 /* MVVMTests */ = {
			isa = PBXGroup;
			children = (
				BFC4AD0326A30C5700796FF9 /* MVVMTests.swift */,
				BF2CCDEB26A81DED00DCF60B /* BookSearchTestViewModel.swift */,
			);
			path = MVVMTests;
			sourceTree = "<group>";
		};
		BFC4AD0C26A30C5700796FF9 /* MVVMUITests */ = {
			isa = PBXGroup;
			children = (
				BFC4AD0D26A30C5700796FF9 /* MVVMUITests.swift */,
			);
			path = MVVMUITests;
			sourceTree = "<group>";
		};
/* End PBXGroup section */

/* Begin PBXNativeTarget section */
		BFC4ACE826A30C5600796FF9 /* MVVM */ = {
			isa = PBXNativeTarget;
			buildConfigurationList = BFC4AD1126A30C5700796FF9 /* Build configuration list for PBXNativeTarget "MVVM" */;
			buildPhases = (
				BFC4ACE526A30C5600796FF9 /* Sources */,
				BFC4ACE626A30C5600796FF9 /* Frameworks */,
				BFC4ACE726A30C5600796FF9 /* Resources */,
			);
			buildRules = (
			);
			dependencies = (
			);
			name = MVVM;
			productName = MVVM;
			productReference = BFC4ACE926A30C5600796FF9 /* MVVM.app */;
			productType = "com.apple.product-type.application";
		};
		BFC4ACFE26A30C5700796FF9 /* MVVMTests */ = {
			isa = PBXNativeTarget;
			buildConfigurationList = BFC4AD1426A30C5700796FF9 /* Build configuration list for PBXNativeTarget "MVVMTests" */;
			buildPhases = (
				BFC4ACFB26A30C5700796FF9 /* Sources */,
				BFC4ACFC26A30C5700796FF9 /* Frameworks */,
				BFC4ACFD26A30C5700796FF9 /* Resources */,
			);
			buildRules = (
			);
			dependencies = (
				BFC4AD0126A30C5700796FF9 /* PBXTargetDependency */,
			);
			name = MVVMTests;
			productName = MVVMTests;
			productReference = BFC4ACFF26A30C5700796FF9 /* MVVMTests.xctest */;
			productType = "com.apple.product-type.bundle.unit-test";
		};
		BFC4AD0826A30C5700796FF9 /* MVVMUITests */ = {
			isa = PBXNativeTarget;
			buildConfigurationList = BFC4AD1726A30C5700796FF9 /* Build configuration list for PBXNativeTarget "MVVMUITests" */;
			buildPhases = (
				BFC4AD0526A30C5700796FF9 /* Sources */,
				BFC4AD0626A30C5700796FF9 /* Frameworks */,
				BFC4AD0726A30C5700796FF9 /* Resources */,
			);
			buildRules = (
			);
			dependencies = (
				BFC4AD0B26A30C5700796FF9 /* PBXTargetDependency */,
			);
			name = MVVMUITests;
			productName = MVVMUITests;
			productReference = BFC4AD0926A30C5700796FF9 /* MVVMUITests.xctest */;
			productType = "com.apple.product-type.bundle.ui-testing";
		};
/* End PBXNativeTarget section */

/* Begin PBXProject section */
		BFC4ACE126A30C5600796FF9 /* Project object */ = {
			isa = PBXProject;
			attributes = {
				BuildIndependentTargetsInParallel = 1;
				LastSwiftUpdateCheck = 1300;
				LastUpgradeCheck = 1300;
				TargetAttributes = {
					BFC4ACE826A30C5600796FF9 = {
						CreatedOnToolsVersion = 13.0;
					};
					BFC4ACFE26A30C5700796FF9 = {
						CreatedOnToolsVersion = 13.0;
						TestTargetID = BFC4ACE826A30C5600796FF9;
					};
					BFC4AD0826A30C5700796FF9 = {
						CreatedOnToolsVersion = 13.0;
						TestTargetID = BFC4ACE826A30C5600796FF9;
					};
				};
			};
			buildConfigurationList = BFC4ACE426A30C5600796FF9 /* Build configuration list for PBXProject "MVVM" */;
			compatibilityVersion = "Xcode 13.0";
			developmentRegion = en;
			hasScannedForEncodings = 0;
			knownRegions = (
				en,
				Base,
			);
			mainGroup = BFC4ACE026A30C5600796FF9;
			productRefGroup = BFC4ACEA26A30C5600796FF9 /* Products */;
			projectDirPath = "";
			projectRoot = "";
			targets = (
				BFC4ACE826A30C5600796FF9 /* MVVM */,
				BFC4ACFE26A30C5700796FF9 /* MVVMTests */,
				BFC4AD0826A30C5700796FF9 /* MVVMUITests */,
			);
		};
/* End PBXProject section */

/* Begin PBXResourcesBuildPhase section */
		BFC4ACE726A30C5600796FF9 /* Resources */ = {
			isa = PBXResourcesBuildPhase;
			buildActionMask = 2147483647;
			files = (
				BFC4ACF926A30C5700796FF9 /* LaunchScreen.storyboard in Resources */,
				BFC4ACF626A30C5700796FF9 /* Assets.xcassets in Resources */,
			);
			runOnlyForDeploymentPostprocessing = 0;
		};
		BFC4ACFD26A30C5700796FF9 /* Resources */ = {
			isa = PBXResourcesBuildPhase;
			buildActionMask = 2147483647;
			files = (
			);
			runOnlyForDeploymentPostprocessing = 0;
		};
		BFC4AD0726A30C5700796FF9 /* Resources */ = {
			isa = PBXResourcesBuildPhase;
			buildActionMask = 2147483647;
			files = (
			);
			runOnlyForDeploymentPostprocessing = 0;
		};
/* End PBXResourcesBuildPhase section */

/* Begin PBXSourcesBuildPhase section */
		BFC4ACE526A30C5600796FF9 /* Sources */ = {
			isa = PBXSourcesBuildPhase;
			buildActionMask = 2147483647;
			files = (
				BF2CCDEF26A81E7800DCF60B /* BookSearchView.swift in Sources */,
				BF2CCDE326A7E99400DCF60B /* BookSearchHomeViewController.swift in Sources */,
				BFC4AD1B26A315EE00796FF9 /* User.swift in Sources */,
				BFC4ACF126A30C5600796FF9 /* HomeViewController.swift in Sources */,
				BFC4AD1F26A3205900796FF9 /* Bindable.swift in Sources */,
				BFBE3A2226A3EC08001B348B /* UsernameViewModel.swift in Sources */,
				BFBE3A2426A3EC7B001B348B /* UIView+Create+Extensions.swift in Sources */,
				BFC4AD1D26A316B500796FF9 /* UsernameView.swift in Sources */,
				BF2CCDE826A7E9C200DCF60B /* BooksSearchViewModel.swift in Sources */,
				BFC4ACED26A30C5600796FF9 /* AppDelegate.swift in Sources */,
				BFC4ACEF26A30C5600796FF9 /* SceneDelegate.swift in Sources */,
			);
			runOnlyForDeploymentPostprocessing = 0;
		};
		BFC4ACFB26A30C5700796FF9 /* Sources */ = {
			isa = PBXSourcesBuildPhase;
			buildActionMask = 2147483647;
			files = (
				BFC4AD0426A30C5700796FF9 /* MVVMTests.swift in Sources */,
				BF2CCDEC26A81DED00DCF60B /* BookSearchTestViewModel.swift in Sources */,
			);
			runOnlyForDeploymentPostprocessing = 0;
		};
		BFC4AD0526A30C5700796FF9 /* Sources */ = {
			isa = PBXSourcesBuildPhase;
			buildActionMask = 2147483647;
			files = (
				BFC4AD0E26A30C5700796FF9 /* MVVMUITests.swift in Sources */,
			);
			runOnlyForDeploymentPostprocessing = 0;
		};
/* End PBXSourcesBuildPhase section */

/* Begin PBXTargetDependency section */
		BFC4AD0126A30C5700796FF9 /* PBXTargetDependency */ = {
			isa = PBXTargetDependency;
			target = BFC4ACE826A30C5600796FF9 /* MVVM */;
			targetProxy = BFC4AD0026A30C5700796FF9 /* PBXContainerItemProxy */;
		};
		BFC4AD0B26A30C5700796FF9 /* PBXTargetDependency */ = {
			isa = PBXTargetDependency;
			target = BFC4ACE826A30C5600796FF9 /* MVVM */;
			targetProxy = BFC4AD0A26A30C5700796FF9 /* PBXContainerItemProxy */;
		};
/* End PBXTargetDependency section */

/* Begin PBXVariantGroup section */
		BFC4ACF726A30C5700796FF9 /* LaunchScreen.storyboard */ = {
			isa = PBXVariantGroup;
			children = (
				BFC4ACF826A30C5700796FF9 /* Base */,
			);
			name = LaunchScreen.storyboard;
			sourceTree = "<group>";
		};
/* End PBXVariantGroup section */

/* Begin XCBuildConfiguration section */
		BFC4AD0F26A30C5700796FF9 /* Debug */ = {
			isa = XCBuildConfiguration;
			buildSettings = {
				ALWAYS_SEARCH_USER_PATHS = NO;
				CLANG_ANALYZER_NONNULL = YES;
				CLANG_ANALYZER_NUMBER_OBJECT_CONVERSION = YES_AGGRESSIVE;
				CLANG_CXX_LANGUAGE_STANDARD = "gnu++14";
				CLANG_CXX_LIBRARY = "libc++";
				CLANG_ENABLE_MODULES = YES;
				CLANG_ENABLE_OBJC_ARC = YES;
				CLANG_ENABLE_OBJC_WEAK = YES;
				CLANG_WARN_BLOCK_CAPTURE_AUTORELEASING = YES;
				CLANG_WARN_BOOL_CONVERSION = YES;
				CLANG_WARN_COMMA = YES;
				CLANG_WARN_CONSTANT_CONVERSION = YES;
				CLANG_WARN_DEPRECATED_OBJC_IMPLEMENTATIONS = YES;
				CLANG_WARN_DIRECT_OBJC_ISA_USAGE = YES_ERROR;
				CLANG_WARN_DOCUMENTATION_COMMENTS = YES;
				CLANG_WARN_EMPTY_BODY = YES;
				CLANG_WARN_ENUM_CONVERSION = YES;
				CLANG_WARN_INFINITE_RECURSION = YES;
				CLANG_WARN_INT_CONVERSION = YES;
				CLANG_WARN_NON_LITERAL_NULL_CONVERSION = YES;
				CLANG_WARN_OBJC_IMPLICIT_RETAIN_SELF = YES;
				CLANG_WARN_OBJC_LITERAL_CONVERSION = YES;
				CLANG_WARN_OBJC_ROOT_CLASS = YES_ERROR;
				CLANG_WARN_QUOTED_INCLUDE_IN_FRAMEWORK_HEADER = YES;
				CLANG_WARN_RANGE_LOOP_ANALYSIS = YES;
				CLANG_WARN_STRICT_PROTOTYPES = YES;
				CLANG_WARN_SUSPICIOUS_MOVE = YES;
				CLANG_WARN_UNGUARDED_AVAILABILITY = YES_AGGRESSIVE;
				CLANG_WARN_UNREACHABLE_CODE = YES;
				CLANG_WARN__DUPLICATE_METHOD_MATCH = YES;
				COPY_PHASE_STRIP = NO;
				DEBUG_INFORMATION_FORMAT = dwarf;
				ENABLE_STRICT_OBJC_MSGSEND = YES;
				ENABLE_TESTABILITY = YES;
				GCC_C_LANGUAGE_STANDARD = gnu11;
				GCC_DYNAMIC_NO_PIC = NO;
				GCC_NO_COMMON_BLOCKS = YES;
				GCC_OPTIMIZATION_LEVEL = 0;
				GCC_PREPROCESSOR_DEFINITIONS = (
					"DEBUG=1",
					"$(inherited)",
				);
				GCC_WARN_64_TO_32_BIT_CONVERSION = YES;
				GCC_WARN_ABOUT_RETURN_TYPE = YES_ERROR;
				GCC_WARN_UNDECLARED_SELECTOR = YES;
				GCC_WARN_UNINITIALIZED_AUTOS = YES_AGGRESSIVE;
				GCC_WARN_UNUSED_FUNCTION = YES;
				GCC_WARN_UNUSED_VARIABLE = YES;
				IPHONEOS_DEPLOYMENT_TARGET = 15.0;
				MTL_ENABLE_DEBUG_INFO = INCLUDE_SOURCE;
				MTL_FAST_MATH = YES;
				ONLY_ACTIVE_ARCH = YES;
				SDKROOT = iphoneos;
				SWIFT_ACTIVE_COMPILATION_CONDITIONS = DEBUG;
				SWIFT_OPTIMIZATION_LEVEL = "-Onone";
			};
			name = Debug;
		};
		BFC4AD1026A30C5700796FF9 /* Release */ = {
			isa = XCBuildConfiguration;
			buildSettings = {
				ALWAYS_SEARCH_USER_PATHS = NO;
				CLANG_ANALYZER_NONNULL = YES;
				CLANG_ANALYZER_NUMBER_OBJECT_CONVERSION = YES_AGGRESSIVE;
				CLANG_CXX_LANGUAGE_STANDARD = "gnu++14";
				CLANG_CXX_LIBRARY = "libc++";
				CLANG_ENABLE_MODULES = YES;
				CLANG_ENABLE_OBJC_ARC = YES;
				CLANG_ENABLE_OBJC_WEAK = YES;
				CLANG_WARN_BLOCK_CAPTURE_AUTORELEASING = YES;
				CLANG_WARN_BOOL_CONVERSION = YES;
				CLANG_WARN_COMMA = YES;
				CLANG_WARN_CONSTANT_CONVERSION = YES;
				CLANG_WARN_DEPRECATED_OBJC_IMPLEMENTATIONS = YES;
				CLANG_WARN_DIRECT_OBJC_ISA_USAGE = YES_ERROR;
				CLANG_WARN_DOCUMENTATION_COMMENTS = YES;
				CLANG_WARN_EMPTY_BODY = YES;
				CLANG_WARN_ENUM_CONVERSION = YES;
				CLANG_WARN_INFINITE_RECURSION = YES;
				CLANG_WARN_INT_CONVERSION = YES;
				CLANG_WARN_NON_LITERAL_NULL_CONVERSION = YES;
				CLANG_WARN_OBJC_IMPLICIT_RETAIN_SELF = YES;
				CLANG_WARN_OBJC_LITERAL_CONVERSION = YES;
				CLANG_WARN_OBJC_ROOT_CLASS = YES_ERROR;
				CLANG_WARN_QUOTED_INCLUDE_IN_FRAMEWORK_HEADER = YES;
				CLANG_WARN_RANGE_LOOP_ANALYSIS = YES;
				CLANG_WARN_STRICT_PROTOTYPES = YES;
				CLANG_WARN_SUSPICIOUS_MOVE = YES;
				CLANG_WARN_UNGUARDED_AVAILABILITY = YES_AGGRESSIVE;
				CLANG_WARN_UNREACHABLE_CODE = YES;
				CLANG_WARN__DUPLICATE_METHOD_MATCH = YES;
				COPY_PHASE_STRIP = NO;
				DEBUG_INFORMATION_FORMAT = "dwarf-with-dsym";
				ENABLE_NS_ASSERTIONS = NO;
				ENABLE_STRICT_OBJC_MSGSEND = YES;
				GCC_C_LANGUAGE_STANDARD = gnu11;
				GCC_NO_COMMON_BLOCKS = YES;
				GCC_WARN_64_TO_32_BIT_CONVERSION = YES;
				GCC_WARN_ABOUT_RETURN_TYPE = YES_ERROR;
				GCC_WARN_UNDECLARED_SELECTOR = YES;
				GCC_WARN_UNINITIALIZED_AUTOS = YES_AGGRESSIVE;
				GCC_WARN_UNUSED_FUNCTION = YES;
				GCC_WARN_UNUSED_VARIABLE = YES;
				IPHONEOS_DEPLOYMENT_TARGET = 15.0;
				MTL_ENABLE_DEBUG_INFO = NO;
				MTL_FAST_MATH = YES;
				SDKROOT = iphoneos;
				SWIFT_COMPILATION_MODE = wholemodule;
				SWIFT_OPTIMIZATION_LEVEL = "-O";
				VALIDATE_PRODUCT = YES;
			};
			name = Release;
		};
		BFC4AD1226A30C5700796FF9 /* Debug */ = {
			isa = XCBuildConfiguration;
			buildSettings = {
				ASSETCATALOG_COMPILER_APPICON_NAME = AppIcon;
				ASSETCATALOG_COMPILER_GLOBAL_ACCENT_COLOR_NAME = AccentColor;
				CODE_SIGN_STYLE = Automatic;
				CURRENT_PROJECT_VERSION = 1;
				DEVELOPMENT_TEAM = WE65J257FL;
				GENERATE_INFOPLIST_FILE = YES;
				INFOPLIST_FILE = MVVM/Info.plist;
				INFOPLIST_KEY_CFBundleExecutable = MVVM;
				INFOPLIST_KEY_CFBundleName = MVVM;
				INFOPLIST_KEY_CFBundleVersion = 1;
				INFOPLIST_KEY_UIApplicationSupportsIndirectInputEvents = YES;
				INFOPLIST_KEY_UILaunchStoryboardName = LaunchScreen;
				INFOPLIST_KEY_UISupportedInterfaceOrientations_iPad = "UIInterfaceOrientationPortrait UIInterfaceOrientationPortraitUpsideDown UIInterfaceOrientationLandscapeLeft UIInterfaceOrientationLandscapeRight";
				INFOPLIST_KEY_UISupportedInterfaceOrientations_iPhone = "UIInterfaceOrientationPortrait UIInterfaceOrientationLandscapeLeft UIInterfaceOrientationLandscapeRight";
				LD_RUNPATH_SEARCH_PATHS = (
					"$(inherited)",
					"@executable_path/Frameworks",
				);
				MARKETING_VERSION = 1.0;
				PRODUCT_BUNDLE_IDENTIFIER = au.com.apptech.MVVM;
				PRODUCT_NAME = "$(TARGET_NAME)";
				SWIFT_EMIT_LOC_STRINGS = YES;
				SWIFT_VERSION = 5.0;
				TARGETED_DEVICE_FAMILY = "1,2";
			};
			name = Debug;
		};
		BFC4AD1326A30C5700796FF9 /* Release */ = {
			isa = XCBuildConfiguration;
			buildSettings = {
				ASSETCATALOG_COMPILER_APPICON_NAME = AppIcon;
				ASSETCATALOG_COMPILER_GLOBAL_ACCENT_COLOR_NAME = AccentColor;
				CODE_SIGN_STYLE = Automatic;
				CURRENT_PROJECT_VERSION = 1;
				DEVELOPMENT_TEAM = WE65J257FL;
				GENERATE_INFOPLIST_FILE = YES;
				INFOPLIST_FILE = MVVM/Info.plist;
				INFOPLIST_KEY_CFBundleExecutable = MVVM;
				INFOPLIST_KEY_CFBundleName = MVVM;
				INFOPLIST_KEY_CFBundleVersion = 1;
				INFOPLIST_KEY_UIApplicationSupportsIndirectInputEvents = YES;
				INFOPLIST_KEY_UILaunchStoryboardName = LaunchScreen;
				INFOPLIST_KEY_UISupportedInterfaceOrientations_iPad = "UIInterfaceOrientationPortrait UIInterfaceOrientationPortraitUpsideDown UIInterfaceOrientationLandscapeLeft UIInterfaceOrientationLandscapeRight";
				INFOPLIST_KEY_UISupportedInterfaceOrientations_iPhone = "UIInterfaceOrientationPortrait UIInterfaceOrientationLandscapeLeft UIInterfaceOrientationLandscapeRight";
				LD_RUNPATH_SEARCH_PATHS = (
					"$(inherited)",
					"@executable_path/Frameworks",
				);
				MARKETING_VERSION = 1.0;
				PRODUCT_BUNDLE_IDENTIFIER = au.com.apptech.MVVM;
				PRODUCT_NAME = "$(TARGET_NAME)";
				SWIFT_EMIT_LOC_STRINGS = YES;
				SWIFT_VERSION = 5.0;
				TARGETED_DEVICE_FAMILY = "1,2";
			};
			name = Release;
		};
		BFC4AD1526A30C5700796FF9 /* Debug */ = {
			isa = XCBuildConfiguration;
			buildSettings = {
				ALWAYS_EMBED_SWIFT_STANDARD_LIBRARIES = YES;
				BUNDLE_LOADER = "$(TEST_HOST)";
				CODE_SIGN_STYLE = Automatic;
				CURRENT_PROJECT_VERSION = 1;
				DEVELOPMENT_TEAM = WE65J257FL;
				GENERATE_INFOPLIST_FILE = YES;
				IPHONEOS_DEPLOYMENT_TARGET = 15.0;
				LD_RUNPATH_SEARCH_PATHS = (
					"$(inherited)",
					"@executable_path/Frameworks",
					"@loader_path/Frameworks",
				);
				MARKETING_VERSION = 1.0;
				PRODUCT_BUNDLE_IDENTIFIER = au.com.apptech.MVVMTests;
				PRODUCT_NAME = "$(TARGET_NAME)";
				SWIFT_EMIT_LOC_STRINGS = NO;
				SWIFT_VERSION = 5.0;
				TARGETED_DEVICE_FAMILY = "1,2";
				TEST_HOST = "$(BUILT_PRODUCTS_DIR)/MVVM.app/MVVM";
			};
			name = Debug;
		};
		BFC4AD1626A30C5700796FF9 /* Release */ = {
			isa = XCBuildConfiguration;
			buildSettings = {
				ALWAYS_EMBED_SWIFT_STANDARD_LIBRARIES = YES;
				BUNDLE_LOADER = "$(TEST_HOST)";
				CODE_SIGN_STYLE = Automatic;
				CURRENT_PROJECT_VERSION = 1;
				DEVELOPMENT_TEAM = WE65J257FL;
				GENERATE_INFOPLIST_FILE = YES;
				IPHONEOS_DEPLOYMENT_TARGET = 15.0;
				LD_RUNPATH_SEARCH_PATHS = (
					"$(inherited)",
					"@executable_path/Frameworks",
					"@loader_path/Frameworks",
				);
				MARKETING_VERSION = 1.0;
				PRODUCT_BUNDLE_IDENTIFIER = au.com.apptech.MVVMTests;
				PRODUCT_NAME = "$(TARGET_NAME)";
				SWIFT_EMIT_LOC_STRINGS = NO;
				SWIFT_VERSION = 5.0;
				TARGETED_DEVICE_FAMILY = "1,2";
				TEST_HOST = "$(BUILT_PRODUCTS_DIR)/MVVM.app/MVVM";
			};
			name = Release;
		};
		BFC4AD1826A30C5700796FF9 /* Debug */ = {
			isa = XCBuildConfiguration;
			buildSettings = {
				ALWAYS_EMBED_SWIFT_STANDARD_LIBRARIES = YES;
				CODE_SIGN_STYLE = Automatic;
				CURRENT_PROJECT_VERSION = 1;
				DEVELOPMENT_TEAM = WE65J257FL;
				GENERATE_INFOPLIST_FILE = YES;
				LD_RUNPATH_SEARCH_PATHS = (
					"$(inherited)",
					"@executable_path/Frameworks",
					"@loader_path/Frameworks",
				);
				MARKETING_VERSION = 1.0;
				PRODUCT_BUNDLE_IDENTIFIER = au.com.apptech.MVVMUITests;
				PRODUCT_NAME = "$(TARGET_NAME)";
				SWIFT_EMIT_LOC_STRINGS = NO;
				SWIFT_VERSION = 5.0;
				TARGETED_DEVICE_FAMILY = "1,2";
				TEST_TARGET_NAME = MVVM;
			};
			name = Debug;
		};
		BFC4AD1926A30C5700796FF9 /* Release */ = {
			isa = XCBuildConfiguration;
			buildSettings = {
				ALWAYS_EMBED_SWIFT_STANDARD_LIBRARIES = YES;
				CODE_SIGN_STYLE = Automatic;
				CURRENT_PROJECT_VERSION = 1;
				DEVELOPMENT_TEAM = WE65J257FL;
				GENERATE_INFOPLIST_FILE = YES;
				LD_RUNPATH_SEARCH_PATHS = (
					"$(inherited)",
					"@executable_path/Frameworks",
					"@loader_path/Frameworks",
				);
				MARKETING_VERSION = 1.0;
				PRODUCT_BUNDLE_IDENTIFIER = au.com.apptech.MVVMUITests;
				PRODUCT_NAME = "$(TARGET_NAME)";
				SWIFT_EMIT_LOC_STRINGS = NO;
				SWIFT_VERSION = 5.0;
				TARGETED_DEVICE_FAMILY = "1,2";
				TEST_TARGET_NAME = MVVM;
			};
			name = Release;
		};
/* End XCBuildConfiguration section */

/* Begin XCConfigurationList section */
		BFC4ACE426A30C5600796FF9 /* Build configuration list for PBXProject "MVVM" */ = {
			isa = XCConfigurationList;
			buildConfigurations = (
				BFC4AD0F26A30C5700796FF9 /* Debug */,
				BFC4AD1026A30C5700796FF9 /* Release */,
			);
			defaultConfigurationIsVisible = 0;
			defaultConfigurationName = Release;
		};
		BFC4AD1126A30C5700796FF9 /* Build configuration list for PBXNativeTarget "MVVM" */ = {
			isa = XCConfigurationList;
			buildConfigurations = (
				BFC4AD1226A30C5700796FF9 /* Debug */,
				BFC4AD1326A30C5700796FF9 /* Release */,
			);
			defaultConfigurationIsVisible = 0;
			defaultConfigurationName = Release;
		};
		BFC4AD1426A30C5700796FF9 /* Build configuration list for PBXNativeTarget "MVVMTests" */ = {
			isa = XCConfigurationList;
			buildConfigurations = (
				BFC4AD1526A30C5700796FF9 /* Debug */,
				BFC4AD1626A30C5700796FF9 /* Release */,
			);
			defaultConfigurationIsVisible = 0;
			defaultConfigurationName = Release;
		};
		BFC4AD1726A30C5700796FF9 /* Build configuration list for PBXNativeTarget "MVVMUITests" */ = {
			isa = XCConfigurationList;
			buildConfigurations = (
				BFC4AD1826A30C5700796FF9 /* Debug */,
				BFC4AD1926A30C5700796FF9 /* Release */,
			);
			defaultConfigurationIsVisible = 0;
			defaultConfigurationName = Release;
		};
/* End XCConfigurationList section */
	};
	rootObject = BFC4ACE126A30C5600796FF9 /* Project object */;
}
